// !$*UTF8*$!
{
	archiveVersion = 1;
	classes = {
	};
	objectVersion = 55;
	objects = {

/* Begin PBXBuildFile section */
		2D22BB512990B29500CDFF1B /* WidgetKit.framework in Frameworks */ = {isa = PBXBuildFile; fileRef = 2D22BB502990B29500CDFF1B /* WidgetKit.framework */; };
		2D22BB532990B29500CDFF1B /* SwiftUI.framework in Frameworks */ = {isa = PBXBuildFile; fileRef = 2D22BB522990B29500CDFF1B /* SwiftUI.framework */; };
		2D22BB562990B29500CDFF1B /* download_progress_dynamic_islandBundle.swift in Sources */ = {isa = PBXBuildFile; fileRef = 2D22BB552990B29500CDFF1B /* download_progress_dynamic_islandBundle.swift */; };
		2D22BB582990B29500CDFF1B /* download_progress_dynamic_islandLiveActivity.swift in Sources */ = {isa = PBXBuildFile; fileRef = 2D22BB572990B29500CDFF1B /* download_progress_dynamic_islandLiveActivity.swift */; };
		2D22BB5A2990B29500CDFF1B /* download_progress_dynamic_island.swift in Sources */ = {isa = PBXBuildFile; fileRef = 2D22BB592990B29500CDFF1B /* download_progress_dynamic_island.swift */; };
		2D22BB5C2990B29600CDFF1B /* Assets.xcassets in Resources */ = {isa = PBXBuildFile; fileRef = 2D22BB5B2990B29600CDFF1B /* Assets.xcassets */; };
		2D22BB602990B29600CDFF1B /* download_progress_dynamic_islandExtension.appex in Embed Foundation Extensions */ = {isa = PBXBuildFile; fileRef = 2D22BB4E2990B29500CDFF1B /* download_progress_dynamic_islandExtension.appex */; settings = {ATTRIBUTES = (RemoveHeadersOnCopy, ); }; };
		2DBE45E828C7438800CE2309 /* AppDelegate.swift in Sources */ = {isa = PBXBuildFile; fileRef = 2DBE45E728C7438800CE2309 /* AppDelegate.swift */; };
		2DBE45EA28C7438800CE2309 /* SceneDelegate.swift in Sources */ = {isa = PBXBuildFile; fileRef = 2DBE45E928C7438800CE2309 /* SceneDelegate.swift */; };
		2DBE45EC28C7438800CE2309 /* ViewController.swift in Sources */ = {isa = PBXBuildFile; fileRef = 2DBE45EB28C7438800CE2309 /* ViewController.swift */; };
		2DBE45EF28C7438800CE2309 /* Main.storyboard in Resources */ = {isa = PBXBuildFile; fileRef = 2DBE45ED28C7438800CE2309 /* Main.storyboard */; };
		2DBE45F128C7438800CE2309 /* Assets.xcassets in Resources */ = {isa = PBXBuildFile; fileRef = 2DBE45F028C7438800CE2309 /* Assets.xcassets */; };
		2DBE45F428C7438800CE2309 /* LaunchScreen.storyboard in Resources */ = {isa = PBXBuildFile; fileRef = 2DBE45F228C7438800CE2309 /* LaunchScreen.storyboard */; };
/* End PBXBuildFile section */

/* Begin PBXContainerItemProxy section */
		2D22BB5E2990B29600CDFF1B /* PBXContainerItemProxy */ = {
			isa = PBXContainerItemProxy;
			containerPortal = 2DBE45DC28C7438700CE2309 /* Project object */;
			proxyType = 1;
			remoteGlobalIDString = 2D22BB4D2990B29500CDFF1B;
			remoteInfo = download_progress_dynamic_islandExtension;
		};
/* End PBXContainerItemProxy section */

/* Begin PBXCopyFilesBuildPhase section */
		2D22BB612990B29600CDFF1B /* Embed Foundation Extensions */ = {
			isa = PBXCopyFilesBuildPhase;
			buildActionMask = 2147483647;
			dstPath = "";
			dstSubfolderSpec = 13;
			files = (
				2D22BB602990B29600CDFF1B /* download_progress_dynamic_islandExtension.appex in Embed Foundation Extensions */,
			);
			name = "Embed Foundation Extensions";
			runOnlyForDeploymentPostprocessing = 0;
		};
/* End PBXCopyFilesBuildPhase section */

/* Begin PBXFileReference section */
		2D22BB4E2990B29500CDFF1B /* download_progress_dynamic_islandExtension.appex */ = {isa = PBXFileReference; explicitFileType = "wrapper.app-extension"; includeInIndex = 0; path = download_progress_dynamic_islandExtension.appex; sourceTree = BUILT_PRODUCTS_DIR; };
		2D22BB502990B29500CDFF1B /* WidgetKit.framework */ = {isa = PBXFileReference; lastKnownFileType = wrapper.framework; name = WidgetKit.framework; path = System/Library/Frameworks/WidgetKit.framework; sourceTree = SDKROOT; };
		2D22BB522990B29500CDFF1B /* SwiftUI.framework */ = {isa = PBXFileReference; lastKnownFileType = wrapper.framework; name = SwiftUI.framework; path = System/Library/Frameworks/SwiftUI.framework; sourceTree = SDKROOT; };
		2D22BB552990B29500CDFF1B /* download_progress_dynamic_islandBundle.swift */ = {isa = PBXFileReference; lastKnownFileType = sourcecode.swift; path = download_progress_dynamic_islandBundle.swift; sourceTree = "<group>"; };
		2D22BB572990B29500CDFF1B /* download_progress_dynamic_islandLiveActivity.swift */ = {isa = PBXFileReference; lastKnownFileType = sourcecode.swift; path = download_progress_dynamic_islandLiveActivity.swift; sourceTree = "<group>"; };
		2D22BB592990B29500CDFF1B /* download_progress_dynamic_island.swift */ = {isa = PBXFileReference; lastKnownFileType = sourcecode.swift; path = download_progress_dynamic_island.swift; sourceTree = "<group>"; };
		2D22BB5B2990B29600CDFF1B /* Assets.xcassets */ = {isa = PBXFileReference; lastKnownFileType = folder.assetcatalog; path = Assets.xcassets; sourceTree = "<group>"; };
		2D22BB5D2990B29600CDFF1B /* Info.plist */ = {isa = PBXFileReference; lastKnownFileType = text.plist.xml; path = Info.plist; sourceTree = "<group>"; };
		2DBE45E428C7438800CE2309 /* download_progress.app */ = {isa = PBXFileReference; explicitFileType = wrapper.application; includeInIndex = 0; path = download_progress.app; sourceTree = BUILT_PRODUCTS_DIR; };
		2DBE45E728C7438800CE2309 /* AppDelegate.swift */ = {isa = PBXFileReference; lastKnownFileType = sourcecode.swift; path = AppDelegate.swift; sourceTree = "<group>"; };
		2DBE45E928C7438800CE2309 /* SceneDelegate.swift */ = {isa = PBXFileReference; lastKnownFileType = sourcecode.swift; path = SceneDelegate.swift; sourceTree = "<group>"; };
		2DBE45EB28C7438800CE2309 /* ViewController.swift */ = {isa = PBXFileReference; lastKnownFileType = sourcecode.swift; path = ViewController.swift; sourceTree = "<group>"; };
		2DBE45EE28C7438800CE2309 /* Base */ = {isa = PBXFileReference; lastKnownFileType = file.storyboard; name = Base; path = Base.lproj/Main.storyboard; sourceTree = "<group>"; };
		2DBE45F028C7438800CE2309 /* Assets.xcassets */ = {isa = PBXFileReference; lastKnownFileType = folder.assetcatalog; path = Assets.xcassets; sourceTree = "<group>"; };
		2DBE45F328C7438800CE2309 /* Base */ = {isa = PBXFileReference; lastKnownFileType = file.storyboard; name = Base; path = Base.lproj/LaunchScreen.storyboard; sourceTree = "<group>"; };
		2DBE45F528C7438800CE2309 /* Info.plist */ = {isa = PBXFileReference; lastKnownFileType = text.plist.xml; path = Info.plist; sourceTree = "<group>"; };
/* End PBXFileReference section */

/* Begin PBXFrameworksBuildPhase section */
		2D22BB4B2990B29500CDFF1B /* Frameworks */ = {
			isa = PBXFrameworksBuildPhase;
			buildActionMask = 2147483647;
			files = (
				2D22BB532990B29500CDFF1B /* SwiftUI.framework in Frameworks */,
				2D22BB512990B29500CDFF1B /* WidgetKit.framework in Frameworks */,
			);
			runOnlyForDeploymentPostprocessing = 0;
		};
		2DBE45E128C7438800CE2309 /* Frameworks */ = {
			isa = PBXFrameworksBuildPhase;
			buildActionMask = 2147483647;
			files = (
			);
			runOnlyForDeploymentPostprocessing = 0;
		};
/* End PBXFrameworksBuildPhase section */

/* Begin PBXGroup section */
		2D22BB4F2990B29500CDFF1B /* Frameworks */ = {
			isa = PBXGroup;
			children = (
				2D22BB502990B29500CDFF1B /* WidgetKit.framework */,
				2D22BB522990B29500CDFF1B /* SwiftUI.framework */,
			);
			name = Frameworks;
			sourceTree = "<group>";
		};
		2D22BB542990B29500CDFF1B /* download_progress_dynamic_island */ = {
			isa = PBXGroup;
			children = (
				2D22BB552990B29500CDFF1B /* download_progress_dynamic_islandBundle.swift */,
				2D22BB572990B29500CDFF1B /* download_progress_dynamic_islandLiveActivity.swift */,
				2D22BB592990B29500CDFF1B /* download_progress_dynamic_island.swift */,
				2D22BB5B2990B29600CDFF1B /* Assets.xcassets */,
				2D22BB5D2990B29600CDFF1B /* Info.plist */,
			);
			path = download_progress_dynamic_island;
			sourceTree = "<group>";
		};
		2DBE45DB28C7438700CE2309 = {
			isa = PBXGroup;
			children = (
				2DBE45E628C7438800CE2309 /* download_progress */,
				2D22BB542990B29500CDFF1B /* download_progress_dynamic_island */,
				2D22BB4F2990B29500CDFF1B /* Frameworks */,
				2DBE45E528C7438800CE2309 /* Products */,
			);
			sourceTree = "<group>";
		};
		2DBE45E528C7438800CE2309 /* Products */ = {
			isa = PBXGroup;
			children = (
				2DBE45E428C7438800CE2309 /* download_progress.app */,
				2D22BB4E2990B29500CDFF1B /* download_progress_dynamic_islandExtension.appex */,
			);
			name = Products;
			sourceTree = "<group>";
		};
		2DBE45E628C7438800CE2309 /* download_progress */ = {
			isa = PBXGroup;
			children = (
				2DBE45E728C7438800CE2309 /* AppDelegate.swift */,
				2DBE45E928C7438800CE2309 /* SceneDelegate.swift */,
				2DBE45EB28C7438800CE2309 /* ViewController.swift */,
				2DBE45ED28C7438800CE2309 /* Main.storyboard */,
				2DBE45F028C7438800CE2309 /* Assets.xcassets */,
				2DBE45F228C7438800CE2309 /* LaunchScreen.storyboard */,
				2DBE45F528C7438800CE2309 /* Info.plist */,
			);
			path = download_progress;
			sourceTree = "<group>";
		};
/* End PBXGroup section */

/* Begin PBXNativeTarget section */
		2D22BB4D2990B29500CDFF1B /* download_progress_dynamic_islandExtension */ = {
			isa = PBXNativeTarget;
			buildConfigurationList = 2D22BB642990B29600CDFF1B /* Build configuration list for PBXNativeTarget "download_progress_dynamic_islandExtension" */;
			buildPhases = (
				2D22BB4A2990B29500CDFF1B /* Sources */,
				2D22BB4B2990B29500CDFF1B /* Frameworks */,
				2D22BB4C2990B29500CDFF1B /* Resources */,
			);
			buildRules = (
			);
			dependencies = (
			);
			name = download_progress_dynamic_islandExtension;
			productName = download_progress_dynamic_islandExtension;
			productReference = 2D22BB4E2990B29500CDFF1B /* download_progress_dynamic_islandExtension.appex */;
			productType = "com.apple.product-type.app-extension";
		};
		2DBE45E328C7438800CE2309 /* download_progress */ = {
			isa = PBXNativeTarget;
			buildConfigurationList = 2DBE45F828C7438800CE2309 /* Build configuration list for PBXNativeTarget "download_progress" */;
			buildPhases = (
				2DBE45E028C7438800CE2309 /* Sources */,
				2DBE45E128C7438800CE2309 /* Frameworks */,
				2DBE45E228C7438800CE2309 /* Resources */,
				2D22BB612990B29600CDFF1B /* Embed Foundation Extensions */,
			);
			buildRules = (
			);
			dependencies = (
				2D22BB5F2990B29600CDFF1B /* PBXTargetDependency */,
			);
			name = download_progress;
			productName = download_progress;
			productReference = 2DBE45E428C7438800CE2309 /* download_progress.app */;
			productType = "com.apple.product-type.application";
		};
/* End PBXNativeTarget section */

/* Begin PBXProject section */
		2DBE45DC28C7438700CE2309 /* Project object */ = {
			isa = PBXProject;
			attributes = {
				BuildIndependentTargetsInParallel = 1;
				LastSwiftUpdateCheck = 1420;
				LastUpgradeCheck = 1340;
				TargetAttributes = {
					2D22BB4D2990B29500CDFF1B = {
						CreatedOnToolsVersion = 14.2;
					};
					2DBE45E328C7438800CE2309 = {
						CreatedOnToolsVersion = 13.4.1;
					};
				};
			};
			buildConfigurationList = 2DBE45DF28C7438700CE2309 /* Build configuration list for PBXProject "download_progress" */;
			compatibilityVersion = "Xcode 13.0";
			developmentRegion = en;
			hasScannedForEncodings = 0;
			knownRegions = (
				en,
				Base,
			);
			mainGroup = 2DBE45DB28C7438700CE2309;
			productRefGroup = 2DBE45E528C7438800CE2309 /* Products */;
			projectDirPath = "";
			projectRoot = "";
			targets = (
				2DBE45E328C7438800CE2309 /* download_progress */,
				2D22BB4D2990B29500CDFF1B /* download_progress_dynamic_islandExtension */,
			);
		};
/* End PBXProject section */

/* Begin PBXResourcesBuildPhase section */
		2D22BB4C2990B29500CDFF1B /* Resources */ = {
			isa = PBXResourcesBuildPhase;
			buildActionMask = 2147483647;
			files = (
				2D22BB5C2990B29600CDFF1B /* Assets.xcassets in Resources */,
			);
			runOnlyForDeploymentPostprocessing = 0;
		};
		2DBE45E228C7438800CE2309 /* Resources */ = {
			isa = PBXResourcesBuildPhase;
			buildActionMask = 2147483647;
			files = (
				2DBE45F428C7438800CE2309 /* LaunchScreen.storyboard in Resources */,
				2DBE45F128C7438800CE2309 /* Assets.xcassets in Resources */,
				2DBE45EF28C7438800CE2309 /* Main.storyboard in Resources */,
			);
			runOnlyForDeploymentPostprocessing = 0;
		};
/* End PBXResourcesBuildPhase section */

/* Begin PBXSourcesBuildPhase section */
		2D22BB4A2990B29500CDFF1B /* Sources */ = {
			isa = PBXSourcesBuildPhase;
			buildActionMask = 2147483647;
			files = (
				2D22BB5A2990B29500CDFF1B /* download_progress_dynamic_island.swift in Sources */,
				2D22BB582990B29500CDFF1B /* download_progress_dynamic_islandLiveActivity.swift in Sources */,
				2D22BB562990B29500CDFF1B /* download_progress_dynamic_islandBundle.swift in Sources */,
			);
			runOnlyForDeploymentPostprocessing = 0;
		};
		2DBE45E028C7438800CE2309 /* Sources */ = {
			isa = PBXSourcesBuildPhase;
			buildActionMask = 2147483647;
			files = (
				2DBE45EC28C7438800CE2309 /* ViewController.swift in Sources */,
				2DBE45E828C7438800CE2309 /* AppDelegate.swift in Sources */,
				2DBE45EA28C7438800CE2309 /* SceneDelegate.swift in Sources */,
			);
			runOnlyForDeploymentPostprocessing = 0;
		};
/* End PBXSourcesBuildPhase section */

/* Begin PBXTargetDependency section */
		2D22BB5F2990B29600CDFF1B /* PBXTargetDependency */ = {
			isa = PBXTargetDependency;
			target = 2D22BB4D2990B29500CDFF1B /* download_progress_dynamic_islandExtension */;
			targetProxy = 2D22BB5E2990B29600CDFF1B /* PBXContainerItemProxy */;
		};
/* End PBXTargetDependency section */

/* Begin PBXVariantGroup section */
		2DBE45ED28C7438800CE2309 /* Main.storyboard */ = {
			isa = PBXVariantGroup;
			children = (
				2DBE45EE28C7438800CE2309 /* Base */,
			);
			name = Main.storyboard;
			sourceTree = "<group>";
		};
		2DBE45F228C7438800CE2309 /* LaunchScreen.storyboard */ = {
			isa = PBXVariantGroup;
			children = (
				2DBE45F328C7438800CE2309 /* Base */,
			);
			name = LaunchScreen.storyboard;
			sourceTree = "<group>";
		};
/* End PBXVariantGroup section */

/* Begin XCBuildConfiguration section */
		2D22BB622990B29600CDFF1B /* Debug */ = {
			isa = XCBuildConfiguration;
			buildSettings = {
				ASSETCATALOG_COMPILER_GLOBAL_ACCENT_COLOR_NAME = AccentColor;
				ASSETCATALOG_COMPILER_WIDGET_BACKGROUND_COLOR_NAME = WidgetBackground;
				CLANG_CXX_LANGUAGE_STANDARD = "gnu++20";
				CODE_SIGN_STYLE = Automatic;
				CURRENT_PROJECT_VERSION = 1;
				DEVELOPMENT_TEAM = 7V87HJBA4K;
				GENERATE_INFOPLIST_FILE = YES;
				INFOPLIST_FILE = download_progress_dynamic_island/Info.plist;
				INFOPLIST_KEY_CFBundleDisplayName = download_progress_dynamic_island;
				INFOPLIST_KEY_NSHumanReadableCopyright = "";
				IPHONEOS_DEPLOYMENT_TARGET = 16.2;
				LD_RUNPATH_SEARCH_PATHS = (
					"$(inherited)",
					"@executable_path/Frameworks",
					"@executable_path/../../Frameworks",
				);
				MARKETING_VERSION = 1.0;
				PRODUCT_BUNDLE_IDENTIFIER = "com.leochen.download-progress.download-progress-dynamic-island";
				PRODUCT_NAME = "$(TARGET_NAME)";
				SKIP_INSTALL = YES;
				SWIFT_EMIT_LOC_STRINGS = YES;
				SWIFT_VERSION = 5.0;
				TARGETED_DEVICE_FAMILY = "1,2";
			};
			name = Debug;
		};
		2D22BB632990B29600CDFF1B /* Release */ = {
			isa = XCBuildConfiguration;
			buildSettings = {
				ASSETCATALOG_COMPILER_GLOBAL_ACCENT_COLOR_NAME = AccentColor;
				ASSETCATALOG_COMPILER_WIDGET_BACKGROUND_COLOR_NAME = WidgetBackground;
				CLANG_CXX_LANGUAGE_STANDARD = "gnu++20";
				CODE_SIGN_STYLE = Automatic;
				CURRENT_PROJECT_VERSION = 1;
				DEVELOPMENT_TEAM = 7V87HJBA4K;
				GENERATE_INFOPLIST_FILE = YES;
				INFOPLIST_FILE = download_progress_dynamic_island/Info.plist;
				INFOPLIST_KEY_CFBundleDisplayName = download_progress_dynamic_island;
				INFOPLIST_KEY_NSHumanReadableCopyright = "";
				IPHONEOS_DEPLOYMENT_TARGET = 16.2;
				LD_RUNPATH_SEARCH_PATHS = (
					"$(inherited)",
					"@executable_path/Frameworks",
					"@executable_path/../../Frameworks",
				);
				MARKETING_VERSION = 1.0;
				PRODUCT_BUNDLE_IDENTIFIER = "com.leochen.download-progress.download-progress-dynamic-island";
				PRODUCT_NAME = "$(TARGET_NAME)";
				SKIP_INSTALL = YES;
				SWIFT_EMIT_LOC_STRINGS = YES;
				SWIFT_VERSION = 5.0;
				TARGETED_DEVICE_FAMILY = "1,2";
			};
			name = Release;
		};
		2DBE45F628C7438800CE2309 /* Debug */ = {
			isa = XCBuildConfiguration;
			buildSettings = {
				ALWAYS_SEARCH_USER_PATHS = NO;
				CLANG_ANALYZER_NONNULL = YES;
				CLANG_ANALYZER_NUMBER_OBJECT_CONVERSION = YES_AGGRESSIVE;
				CLANG_CXX_LANGUAGE_STANDARD = "gnu++17";
				CLANG_ENABLE_MODULES = YES;
				CLANG_ENABLE_OBJC_ARC = YES;
				CLANG_ENABLE_OBJC_WEAK = YES;
				CLANG_WARN_BLOCK_CAPTURE_AUTORELEASING = YES;
				CLANG_WARN_BOOL_CONVERSION = YES;
				CLANG_WARN_COMMA = YES;
				CLANG_WARN_CONSTANT_CONVERSION = YES;
				CLANG_WARN_DEPRECATED_OBJC_IMPLEMENTATIONS = YES;
				CLANG_WARN_DIRECT_OBJC_ISA_USAGE = YES_ERROR;
				CLANG_WARN_DOCUMENTATION_COMMENTS = YES;
				CLANG_WARN_EMPTY_BODY = YES;
				CLANG_WARN_ENUM_CONVERSION = YES;
				CLANG_WARN_INFINITE_RECURSION = YES;
				CLANG_WARN_INT_CONVERSION = YES;
				CLANG_WARN_NON_LITERAL_NULL_CONVERSION = YES;
				CLANG_WARN_OBJC_IMPLICIT_RETAIN_SELF = YES;
				CLANG_WARN_OBJC_LITERAL_CONVERSION = YES;
				CLANG_WARN_OBJC_ROOT_CLASS = YES_ERROR;
				CLANG_WARN_QUOTED_INCLUDE_IN_FRAMEWORK_HEADER = YES;
				CLANG_WARN_RANGE_LOOP_ANALYSIS = YES;
				CLANG_WARN_STRICT_PROTOTYPES = YES;
				CLANG_WARN_SUSPICIOUS_MOVE = YES;
				CLANG_WARN_UNGUARDED_AVAILABILITY = YES_AGGRESSIVE;
				CLANG_WARN_UNREACHABLE_CODE = YES;
				CLANG_WARN__DUPLICATE_METHOD_MATCH = YES;
				COPY_PHASE_STRIP = NO;
				DEBUG_INFORMATION_FORMAT = dwarf;
				ENABLE_STRICT_OBJC_MSGSEND = YES;
				ENABLE_TESTABILITY = YES;
				GCC_C_LANGUAGE_STANDARD = gnu11;
				GCC_DYNAMIC_NO_PIC = NO;
				GCC_NO_COMMON_BLOCKS = YES;
				GCC_OPTIMIZATION_LEVEL = 0;
				GCC_PREPROCESSOR_DEFINITIONS = (
					"DEBUG=1",
					"$(inherited)",
				);
				GCC_WARN_64_TO_32_BIT_CONVERSION = YES;
				GCC_WARN_ABOUT_RETURN_TYPE = YES_ERROR;
				GCC_WARN_UNDECLARED_SELECTOR = YES;
				GCC_WARN_UNINITIALIZED_AUTOS = YES_AGGRESSIVE;
				GCC_WARN_UNUSED_FUNCTION = YES;
				GCC_WARN_UNUSED_VARIABLE = YES;
				IPHONEOS_DEPLOYMENT_TARGET = 15.5;
				MTL_ENABLE_DEBUG_INFO = INCLUDE_SOURCE;
				MTL_FAST_MATH = YES;
				ONLY_ACTIVE_ARCH = YES;
				SDKROOT = iphoneos;
				SWIFT_ACTIVE_COMPILATION_CONDITIONS = DEBUG;
				SWIFT_OPTIMIZATION_LEVEL = "-Onone";
			};
			name = Debug;
		};
		2DBE45F728C7438800CE2309 /* Release */ = {
			isa = XCBuildConfiguration;
			buildSettings = {
				ALWAYS_SEARCH_USER_PATHS = NO;
				CLANG_ANALYZER_NONNULL = YES;
				CLANG_ANALYZER_NUMBER_OBJECT_CONVERSION = YES_AGGRESSIVE;
				CLANG_CXX_LANGUAGE_STANDARD = "gnu++17";
				CLANG_ENABLE_MODULES = YES;
				CLANG_ENABLE_OBJC_ARC = YES;
				CLANG_ENABLE_OBJC_WEAK = YES;
				CLANG_WARN_BLOCK_CAPTURE_AUTORELEASING = YES;
				CLANG_WARN_BOOL_CONVERSION = YES;
				CLANG_WARN_COMMA = YES;
				CLANG_WARN_CONSTANT_CONVERSION = YES;
				CLANG_WARN_DEPRECATED_OBJC_IMPLEMENTATIONS = YES;
				CLANG_WARN_DIRECT_OBJC_ISA_USAGE = YES_ERROR;
				CLANG_WARN_DOCUMENTATION_COMMENTS = YES;
				CLANG_WARN_EMPTY_BODY = YES;
				CLANG_WARN_ENUM_CONVERSION = YES;
				CLANG_WARN_INFINITE_RECURSION = YES;
				CLANG_WARN_INT_CONVERSION = YES;
				CLANG_WARN_NON_LITERAL_NULL_CONVERSION = YES;
				CLANG_WARN_OBJC_IMPLICIT_RETAIN_SELF = YES;
				CLANG_WARN_OBJC_LITERAL_CONVERSION = YES;
				CLANG_WARN_OBJC_ROOT_CLASS = YES_ERROR;
				CLANG_WARN_QUOTED_INCLUDE_IN_FRAMEWORK_HEADER = YES;
				CLANG_WARN_RANGE_LOOP_ANALYSIS = YES;
				CLANG_WARN_STRICT_PROTOTYPES = YES;
				CLANG_WARN_SUSPICIOUS_MOVE = YES;
				CLANG_WARN_UNGUARDED_AVAILABILITY = YES_AGGRESSIVE;
				CLANG_WARN_UNREACHABLE_CODE = YES;
				CLANG_WARN__DUPLICATE_METHOD_MATCH = YES;
				COPY_PHASE_STRIP = NO;
				DEBUG_INFORMATION_FORMAT = "dwarf-with-dsym";
				ENABLE_NS_ASSERTIONS = NO;
				ENABLE_STRICT_OBJC_MSGSEND = YES;
				GCC_C_LANGUAGE_STANDARD = gnu11;
				GCC_NO_COMMON_BLOCKS = YES;
				GCC_WARN_64_TO_32_BIT_CONVERSION = YES;
				GCC_WARN_ABOUT_RETURN_TYPE = YES_ERROR;
				GCC_WARN_UNDECLARED_SELECTOR = YES;
				GCC_WARN_UNINITIALIZED_AUTOS = YES_AGGRESSIVE;
				GCC_WARN_UNUSED_FUNCTION = YES;
				GCC_WARN_UNUSED_VARIABLE = YES;
				IPHONEOS_DEPLOYMENT_TARGET = 15.5;
				MTL_ENABLE_DEBUG_INFO = NO;
				MTL_FAST_MATH = YES;
				SDKROOT = iphoneos;
				SWIFT_COMPILATION_MODE = wholemodule;
				SWIFT_OPTIMIZATION_LEVEL = "-O";
				VALIDATE_PRODUCT = YES;
			};
			name = Release;
		};
		2DBE45F928C7438800CE2309 /* Debug */ = {
			isa = XCBuildConfiguration;
			buildSettings = {
				ALWAYS_EMBED_SWIFT_STANDARD_LIBRARIES = YES;
				ASSETCATALOG_COMPILER_APPICON_NAME = AppIcon;
				ASSETCATALOG_COMPILER_GLOBAL_ACCENT_COLOR_NAME = AccentColor;
				CODE_SIGN_STYLE = Automatic;
				CURRENT_PROJECT_VERSION = 1;
				DEVELOPMENT_TEAM = 7V87HJBA4K;
				GENERATE_INFOPLIST_FILE = YES;
				INFOPLIST_FILE = download_progress/Info.plist;
				INFOPLIST_KEY_UIApplicationSupportsIndirectInputEvents = YES;
				INFOPLIST_KEY_UILaunchStoryboardName = LaunchScreen;
				INFOPLIST_KEY_UIMainStoryboardFile = Main;
				INFOPLIST_KEY_UISupportedInterfaceOrientations_iPad = "UIInterfaceOrientationPortrait UIInterfaceOrientationPortraitUpsideDown UIInterfaceOrientationLandscapeLeft UIInterfaceOrientationLandscapeRight";
				INFOPLIST_KEY_UISupportedInterfaceOrientations_iPhone = "UIInterfaceOrientationPortrait UIInterfaceOrientationLandscapeLeft UIInterfaceOrientationLandscapeRight";
				LD_RUNPATH_SEARCH_PATHS = (
					"$(inherited)",
					"@executable_path/Frameworks",
				);
				MARKETING_VERSION = 1.0;
				PRODUCT_BUNDLE_IDENTIFIER = "com.leochen.download-progress";
				PRODUCT_NAME = "$(TARGET_NAME)";
				SWIFT_EMIT_LOC_STRINGS = YES;
				SWIFT_VERSION = 5.0;
				TARGETED_DEVICE_FAMILY = "1,2";
			};
			name = Debug;
		};
		2DBE45FA28C7438800CE2309 /* Release */ = {
			isa = XCBuildConfiguration;
			buildSettings = {
				ALWAYS_EMBED_SWIFT_STANDARD_LIBRARIES = YES;
				ASSETCATALOG_COMPILER_APPICON_NAME = AppIcon;
				ASSETCATALOG_COMPILER_GLOBAL_ACCENT_COLOR_NAME = AccentColor;
				CODE_SIGN_STYLE = Automatic;
				CURRENT_PROJECT_VERSION = 1;
				DEVELOPMENT_TEAM = 7V87HJBA4K;
				GENERATE_INFOPLIST_FILE = YES;
				INFOPLIST_FILE = download_progress/Info.plist;
				INFOPLIST_KEY_UIApplicationSupportsIndirectInputEvents = YES;
				INFOPLIST_KEY_UILaunchStoryboardName = LaunchScreen;
				INFOPLIST_KEY_UIMainStoryboardFile = Main;
				INFOPLIST_KEY_UISupportedInterfaceOrientations_iPad = "UIInterfaceOrientationPortrait UIInterfaceOrientationPortraitUpsideDown UIInterfaceOrientationLandscapeLeft UIInterfaceOrientationLandscapeRight";
				INFOPLIST_KEY_UISupportedInterfaceOrientations_iPhone = "UIInterfaceOrientationPortrait UIInterfaceOrientationLandscapeLeft UIInterfaceOrientationLandscapeRight";
				LD_RUNPATH_SEARCH_PATHS = (
					"$(inherited)",
					"@executable_path/Frameworks",
				);
				MARKETING_VERSION = 1.0;
				PRODUCT_BUNDLE_IDENTIFIER = "com.leochen.download-progress";
				PRODUCT_NAME = "$(TARGET_NAME)";
				SWIFT_EMIT_LOC_STRINGS = YES;
				SWIFT_VERSION = 5.0;
				TARGETED_DEVICE_FAMILY = "1,2";
			};
			name = Release;
		};
/* End XCBuildConfiguration section */

/* Begin XCConfigurationList section */
		2D22BB642990B29600CDFF1B /* Build configuration list for PBXNativeTarget "download_progress_dynamic_islandExtension" */ = {
			isa = XCConfigurationList;
			buildConfigurations = (
				2D22BB622990B29600CDFF1B /* Debug */,
				2D22BB632990B29600CDFF1B /* Release */,
			);
			defaultConfigurationIsVisible = 0;
			defaultConfigurationName = Release;
		};
		2DBE45DF28C7438700CE2309 /* Build configuration list for PBXProject "download_progress" */ = {
			isa = XCConfigurationList;
			buildConfigurations = (
				2DBE45F628C7438800CE2309 /* Debug */,
				2DBE45F728C7438800CE2309 /* Release */,
			);
			defaultConfigurationIsVisible = 0;
			defaultConfigurationName = Release;
		};
		2DBE45F828C7438800CE2309 /* Build configuration list for PBXNativeTarget "download_progress" */ = {
			isa = XCConfigurationList;
			buildConfigurations = (
				2DBE45F928C7438800CE2309 /* Debug */,
				2DBE45FA28C7438800CE2309 /* Release */,
			);
			defaultConfigurationIsVisible = 0;
			defaultConfigurationName = Release;
		};
/* End XCConfigurationList section */
	};
	rootObject = 2DBE45DC28C7438700CE2309 /* Project object */;
}
